
Microsoft Visual Studio Solution File, Format Version 10.00
# Visual Studio 2008
Project("{8BC9CEB8-8B4A-11D0-8D11-00A0C91BC942}") = "CMPSCTST", "CMPSCTST.vcproj", "{0C914908-2BC4-4A89-9FD7-E27B0936DECE}"
EndProject
Project("{2150E333-8FDC-42A3-9474-1A3956D46DE8}") = "Test Scripts", "Test Scripts", "{902B2E95-0323-404D-9287-07D392BE9F2F}"
	ProjectSection(SolutionItems) = preProject
		cmpsctst.rexx = cmpsctst.rexx
	EndProjectSection
EndProject
Project("{2150E333-8FDC-42A3-9474-1A3956D46DE8}") = "_DOC", "_DOC", "{6AE95C89-3653-4572-8074-EBD2C5FAE36E}"
	ProjectSection(SolutionItems) = preProject
		_TODO.txt = _TODO.txt
		LICENSE.txt = LICENSE.txt
		NOTES.txt = NOTES.txt
		README.txt = README.txt
	EndProjectSection
EndProject
Project("{2150E333-8FDC-42A3-9474-1A3956D46DE8}") = "Build", "Build", "{64D2910A-ECF2-4DE2-A15E-72D87497B850}"
EndProject
Project("{2150E333-8FDC-42A3-9474-1A3956D46DE8}") = "CMPSC", "CMPSC", "{86B6DA9D-CECE-4569-AAEB-8DF51FFA9722}"
EndProject
Project("{2150E333-8FDC-42A3-9474-1A3956D46DE8}") = "_2012", "_2012", "{DC3411E6-C6F0-4BB7-8D08-D8C6A18E012A}"
EndProject
Project("{2150E333-8FDC-42A3-9474-1A3956D46DE8}") = "_Legacy", "_Legacy", "{00F359F9-6090-4D6B-850F-52BD57D250D8}"
	ProjectSection(SolutionItems) = preProject
		cmpsc.c = cmpsc.c
	EndProjectSection
EndProject
Project("{2150E333-8FDC-42A3-9474-1A3956D46DE8}") = "Linux", "Linux", "{12CB6854-992C-465E-A95E-3D697D264FB0}"
	ProjectSection(SolutionItems) = preProject
		_errors = _errors
		_quick = _quick
		_quick_herc = _quick_herc
		_quick_me = _quick_me
		ff = ff
	EndProjectSection
EndProject
Project("{2150E333-8FDC-42A3-9474-1A3956D46DE8}") = "both", "both", "{539BE54A-FA13-40BA-A113-3676A20FA1A6}"
	ProjectSection(SolutionItems) = preProject
		_both = _both
		_both_builtin = _both_builtin
		_both_random = _both_random
	EndProjectSection
EndProject
Project("{2150E333-8FDC-42A3-9474-1A3956D46DE8}") = "b00", "b00", "{30C04DA5-5B5D-4869-B9E4-AF1EC346AA71}"
	ProjectSection(SolutionItems) = preProject
		_both_b00 = _both_b00
		_both_builtin_b00 = _both_builtin_b00
		_both_random_b00 = _both_random_b00
	EndProjectSection
EndProject
Project("{2150E333-8FDC-42A3-9474-1A3956D46DE8}") = "herc", "herc", "{6B64BC6A-AAAB-496A-80DC-9E53BB14DE68}"
	ProjectSection(SolutionItems) = preProject
		_herc = _herc
		_herc_builtin = _herc_builtin
		_herc_random = _herc_random
	EndProjectSection
EndProject
Project("{2150E333-8FDC-42A3-9474-1A3956D46DE8}") = "b00", "b00", "{A5792EFD-8DA9-4B77-A60C-AF2C9E44EE36}"
	ProjectSection(SolutionItems) = preProject
		_herc_b00 = _herc_b00
		_herc_builtin_b00 = _herc_builtin_b00
		_herc_random_b00 = _herc_random_b00
	EndProjectSection
EndProject
Project("{2150E333-8FDC-42A3-9474-1A3956D46DE8}") = "me", "me", "{925E1684-9271-40D6-BAFD-10EA72CB8437}"
	ProjectSection(SolutionItems) = preProject
		_me = _me
		_me_builtin = _me_builtin
		_me_random = _me_random
	EndProjectSection
EndProject
Project("{2150E333-8FDC-42A3-9474-1A3956D46DE8}") = "b00", "b00", "{51034DAE-5586-403C-9D66-656D94EF8B69}"
	ProjectSection(SolutionItems) = preProject
		_me_b00 = _me_b00
		_me_builtin_b00 = _me_builtin_b00
		_me_random_b00 = _me_random_b00
	EndProjectSection
EndProject
Project("{2150E333-8FDC-42A3-9474-1A3956D46DE8}") = "Windows", "Windows", "{B3450B1C-632D-4166-AF69-17E32C9195C7}"
	ProjectSection(SolutionItems) = preProject
		_errors.cmd = _errors.cmd
		_quick.cmd = _quick.cmd
		_quick_herc.cmd = _quick_herc.cmd
		_quick_me.cmd = _quick_me.cmd
		cmpsctst.cmd = cmpsctst.cmd
		ff.cmd = ff.cmd
	EndProjectSection
EndProject
Project("{2150E333-8FDC-42A3-9474-1A3956D46DE8}") = "both", "both", "{E10918C5-BE81-4523-A504-160A3F37EA63}"
	ProjectSection(SolutionItems) = preProject
		_both.cmd = _both.cmd
		_both_builtin.cmd = _both_builtin.cmd
		_both_random.cmd = _both_random.cmd
	EndProjectSection
EndProject
Project("{2150E333-8FDC-42A3-9474-1A3956D46DE8}") = "b00", "b00", "{2ACBFC65-4876-4151-87FB-28587F2CCC81}"
	ProjectSection(SolutionItems) = preProject
		_both_b00.cmd = _both_b00.cmd
		_both_builtin_b00.cmd = _both_builtin_b00.cmd
		_both_random_b00.cmd = _both_random_b00.cmd
	EndProjectSection
EndProject
Project("{2150E333-8FDC-42A3-9474-1A3956D46DE8}") = "herc", "herc", "{A2FA3BDB-D44E-4DDF-8D83-57EEA12E2F19}"
	ProjectSection(SolutionItems) = preProject
		_herc.cmd = _herc.cmd
		_herc_builtin.cmd = _herc_builtin.cmd
		_herc_random.cmd = _herc_random.cmd
	EndProjectSection
EndProject
Project("{2150E333-8FDC-42A3-9474-1A3956D46DE8}") = "b00", "b00", "{96998E5F-A4E7-43A0-B5D7-DBAFBC52211F}"
	ProjectSection(SolutionItems) = preProject
		_herc_b00.cmd = _herc_b00.cmd
		_herc_builtin_b00.cmd = _herc_builtin_b00.cmd
		_herc_random_b00.cmd = _herc_random_b00.cmd
	EndProjectSection
EndProject
Project("{2150E333-8FDC-42A3-9474-1A3956D46DE8}") = "me", "me", "{FAC45E0C-FD3D-4F25-9B0B-686A7A050F56}"
	ProjectSection(SolutionItems) = preProject
		_me.cmd = _me.cmd
		_me_builtin.cmd = _me_builtin.cmd
		_me_random.cmd = _me_random.cmd
	EndProjectSection
EndProject
Project("{2150E333-8FDC-42A3-9474-1A3956D46DE8}") = "b00", "b00", "{0A0012FE-97D9-43B8-9EC1-98824DBEA1E9}"
	ProjectSection(SolutionItems) = preProject
		_me_b00.cmd = _me_b00.cmd
		_me_builtin_b00.cmd = _me_builtin_b00.cmd
		_me_random_b00.cmd = _me_random_b00.cmd
	EndProjectSection
EndProject
Project("{2150E333-8FDC-42A3-9474-1A3956D46DE8}") = "Source Files", "Source Files", "{06BCF646-6E08-4E6D-8378-E903AE100A43}"
	ProjectSection(SolutionItems) = preProject
		cmpsc_2012.c = cmpsc_2012.c
		cmpscdbg.c = cmpscdbg.c
		cmpscdct.c = cmpscdct.c
		cmpscget.c = cmpscget.c
		cmpscmem.c = cmpscmem.c
		cmpscput.c = cmpscput.c
	EndProjectSection
EndProject
Project("{2150E333-8FDC-42A3-9474-1A3956D46DE8}") = "Header Files", "Header Files", "{1DB192B9-F9A5-4726-8BFB-98C06B4619B2}"
	ProjectSection(SolutionItems) = preProject
		cmpsc.h = cmpsc.h
		cmpscbit.h = cmpscbit.h
		cmpscdbg.h = cmpscdbg.h
		cmpscdct.h = cmpscdct.h
		cmpscget.h = cmpscget.h
		cmpscmem.h = cmpscmem.h
		cmpscput.h = cmpscput.h
	EndProjectSection
EndProject
Project("{2150E333-8FDC-42A3-9474-1A3956D46DE8}") = "Other", "Other", "{5D227652-2DED-4049-B5B2-C4B77EF4A450}"
	ProjectSection(SolutionItems) = preProject
		cmpsctst.make = cmpsctst.make
	EndProjectSection
EndProject
Project("{2150E333-8FDC-42A3-9474-1A3956D46DE8}") = "DICT", "DICT", "{EECE2BE0-A02F-4E10-ABF0-BED4813A4ADA}"
	ProjectSection(SolutionItems) = preProject
		DICTS\_README.txt = DICTS\_README.txt
	EndProjectSection
EndProject
Project("{2150E333-8FDC-42A3-9474-1A3956D46DE8}") = "FILES", "FILES", "{65DB39BA-7F05-469C-ACFD-E4CB3C139E48}"
EndProject
Project("{2150E333-8FDC-42A3-9474-1A3956D46DE8}") = "WORK", "WORK", "{200DE097-E258-4000-AF87-362D8420298C}"
EndProject
Project("{2150E333-8FDC-42A3-9474-1A3956D46DE8}") = "DIRS", "DIRS", "{49847BB2-CEB7-4792-86BC-F274EBFF9778}"
EndProject
Project("{2150E333-8FDC-42A3-9474-1A3956D46DE8}") = "FMT-1", "FMT-1", "{63BCD795-BEDE-4171-96F0-39C8CDC92AFD}"
EndProject
Project("{2150E333-8FDC-42A3-9474-1A3956D46DE8}") = "CDSS-2", "CDSS-2", "{AD362F67-62BF-44BE-985E-8F1497C586D8}"
EndProject
Project("{2150E333-8FDC-42A3-9474-1A3956D46DE8}") = "CDSS-5", "CDSS-5", "{C47CD64F-7733-4BEF-9E0A-6CFB9FE967BC}"
EndProject
Project("{2150E333-8FDC-42A3-9474-1A3956D46DE8}") = "FishTest", "FishTest", "{8CB0EB13-C12C-4D4E-ADEB-BB17DDF0F4B3}"
	ProjectSection(SolutionItems) = preProject
		DICTS\FMT-1\CDSS-2\FishTest\DICT.12C = DICTS\FMT-1\CDSS-2\FishTest\DICT.12C
		DICTS\FMT-1\CDSS-2\FishTest\DICT.12E = DICTS\FMT-1\CDSS-2\FishTest\DICT.12E
	EndProjectSection
EndProject
Project("{2150E333-8FDC-42A3-9474-1A3956D46DE8}") = "FishTest", "FishTest", "{58C93ED0-26C8-4D60-82BE-691A8B1BA2C8}"
	ProjectSection(SolutionItems) = preProject
		DICTS\FMT-1\CDSS-5\FishTest\DICT.15C = DICTS\FMT-1\CDSS-5\FishTest\DICT.15C
		DICTS\FMT-1\CDSS-5\FishTest\DICT.15E = DICTS\FMT-1\CDSS-5\FishTest\DICT.15E
	EndProjectSection
EndProject
Project("{2150E333-8FDC-42A3-9474-1A3956D46DE8}") = "SMP-E_0C4", "SMP-E_0C4", "{9CF4D4D0-4DCF-4B6A-B871-EBC0A0CB5B99}"
	ProjectSection(SolutionItems) = preProject
		DICTS\FMT-1\CDSS-5\SMP-E_0C4\SMPE-0C4.15C = DICTS\FMT-1\CDSS-5\SMP-E_0C4\SMPE-0C4.15C
		DICTS\FMT-1\CDSS-5\SMP-E_0C4\SMPE-0C4.15E = DICTS\FMT-1\CDSS-5\SMP-E_0C4\SMPE-0C4.15E
	EndProjectSection
EndProject
Project("{2150E333-8FDC-42A3-9474-1A3956D46DE8}") = "LARGE", "LARGE", "{3711C0F6-A104-4515-BE24-940F81FA749C}"
EndProject
Project("{2150E333-8FDC-42A3-9474-1A3956D46DE8}") = "SMALL", "SMALL", "{4CACED93-65A1-4F84-9217-AE85F6D32A9F}"
EndProject
Project("{2150E333-8FDC-42A3-9474-1A3956D46DE8}") = "ASCII", "ASCII", "{6FE5BBF0-E2FA-4F11-BEF3-CD919C2D489F}"
EndProject
Project("{2150E333-8FDC-42A3-9474-1A3956D46DE8}") = "ASCII", "ASCII", "{B7FF058C-609C-4E38-86C4-CEE02174E2D5}"
EndProject
Project("{2150E333-8FDC-42A3-9474-1A3956D46DE8}") = "EBCDIC", "EBCDIC", "{3F1DD433-0B5F-4499-A831-B4A794D79743}"
EndProject
Project("{2150E333-8FDC-42A3-9474-1A3956D46DE8}") = "EBCDIC", "EBCDIC", "{E5265AF4-4CF5-4575-803C-9578F7CC39CA}"
EndProject
Project("{2150E333-8FDC-42A3-9474-1A3956D46DE8}") = "SUPA", "SUPA", "{7B1E6576-EEF1-4972-9E2A-445EFCB4CFBA}"
	ProjectSection(SolutionItems) = preProject
		FILES\LARGE\ASCII\SUPA\SUPA-ASCII.txt = FILES\LARGE\ASCII\SUPA\SUPA-ASCII.txt
	EndProjectSection
EndProject
Project("{2150E333-8FDC-42A3-9474-1A3956D46DE8}") = "TSTCMPSC", "TSTCMPSC", "{DB299D65-691D-4B57-9428-A0FDDEE5E8EC}"
	ProjectSection(SolutionItems) = preProject
		FILES\LARGE\ASCII\TSTCMPSC\LARGE-TSTCMPSC-ASCII.txt = FILES\LARGE\ASCII\TSTCMPSC\LARGE-TSTCMPSC-ASCII.txt
	EndProjectSection
EndProject
Project("{2150E333-8FDC-42A3-9474-1A3956D46DE8}") = "SUPA", "SUPA", "{C9434E54-CB6D-4A80-BE60-09ED739D694E}"
	ProjectSection(SolutionItems) = preProject
		FILES\LARGE\EBCDIC\SUPA\SUPA-EBCDIC.txt = FILES\LARGE\EBCDIC\SUPA\SUPA-EBCDIC.txt
	EndProjectSection
EndProject
Project("{2150E333-8FDC-42A3-9474-1A3956D46DE8}") = "TSTCMPSC", "TSTCMPSC", "{A5D8A7C1-6082-4082-8E02-F3732A82B714}"
	ProjectSection(SolutionItems) = preProject
		FILES\LARGE\EBCDIC\TSTCMPSC\LARGE-TSTCMPSC-EBCDIC.txt = FILES\LARGE\EBCDIC\TSTCMPSC\LARGE-TSTCMPSC-EBCDIC.txt
	EndProjectSection
EndProject
Project("{2150E333-8FDC-42A3-9474-1A3956D46DE8}") = "SMP-E_0C4", "SMP-E_0C4", "{BF7CFBFA-7931-485E-8C1C-AFA20CB8E074}"
	ProjectSection(SolutionItems) = preProject
		FILES\LARGE\EBCDIC\SMP-E_0C4\SMPE-0C4.bin = FILES\LARGE\EBCDIC\SMP-E_0C4\SMPE-0C4.bin
	EndProjectSection
EndProject
Project("{2150E333-8FDC-42A3-9474-1A3956D46DE8}") = "TSTCMPSC", "TSTCMPSC", "{FF294660-CA4B-4514-9478-562BD4A96E17}"
	ProjectSection(SolutionItems) = preProject
		FILES\SMALL\ASCII\TSTCMPSC\TSTCMPSC-ASCII.txt = FILES\SMALL\ASCII\TSTCMPSC\TSTCMPSC-ASCII.txt
	EndProjectSection
EndProject
Project("{2150E333-8FDC-42A3-9474-1A3956D46DE8}") = "TSTCMPSC", "TSTCMPSC", "{F7F75FEC-4C90-4F1F-A8B4-9A6238F60CA5}"
	ProjectSection(SolutionItems) = preProject
		FILES\SMALL\EBCDIC\TSTCMPSC\TSTCMPSC-EBCDIC.txt = FILES\SMALL\EBCDIC\TSTCMPSC\TSTCMPSC-EBCDIC.txt
	EndProjectSection
EndProject
Project("{2150E333-8FDC-42A3-9474-1A3956D46DE8}") = "SMP-E_0C4", "SMP-E_0C4", "{C2D2906D-B530-4AF8-BB1B-6815C5F94EF6}"
	ProjectSection(SolutionItems) = preProject
		FILES\SMALL\EBCDIC\SMP-E_0C4\SMPE-0C4.bin = FILES\SMALL\EBCDIC\SMP-E_0C4\SMPE-0C4.bin
	EndProjectSection
EndProject
Project("{2150E333-8FDC-42A3-9474-1A3956D46DE8}") = "cmp2base", "cmp2base", "{944878F4-E425-404A-A6A8-D28E867170EE}"
	ProjectSection(SolutionItems) = preProject
		WORK\cmp2base\c-cmp2base.txt = WORK\cmp2base\c-cmp2base.txt
		WORK\cmp2base\cmpout.bin = WORK\cmp2base\cmpout.bin
		WORK\cmp2base\e-cmp2base.txt = WORK\cmp2base\e-cmp2base.txt
		WORK\cmp2base\expout.txt = WORK\cmp2base\expout.txt
	EndProjectSection
EndProject
Project("{2150E333-8FDC-42A3-9474-1A3956D46DE8}") = "normal", "normal", "{FBA27B9D-6234-4B0F-87B8-980F723D1C11}"
	ProjectSection(SolutionItems) = preProject
		WORK\normal\_errors.log = WORK\normal\_errors.log
		WORK\normal\cmpsctst-lar-a.log = WORK\normal\cmpsctst-lar-a.log
		WORK\normal\cmpsctst-lar-b00-a.log = WORK\normal\cmpsctst-lar-b00-a.log
		WORK\normal\cmpsctst-lar-b00.log = WORK\normal\cmpsctst-lar-b00.log
		WORK\normal\cmpsctst-lar.log = WORK\normal\cmpsctst-lar.log
		WORK\normal\cmpsctst-ler-a.log = WORK\normal\cmpsctst-ler-a.log
		WORK\normal\cmpsctst-ler-b00-a.log = WORK\normal\cmpsctst-ler-b00-a.log
		WORK\normal\cmpsctst-ler-b00.log = WORK\normal\cmpsctst-ler-b00.log
		WORK\normal\cmpsctst-ler.log = WORK\normal\cmpsctst-ler.log
		WORK\normal\cmpsctst-sar-a.log = WORK\normal\cmpsctst-sar-a.log
		WORK\normal\cmpsctst-sar-b00-a.log = WORK\normal\cmpsctst-sar-b00-a.log
		WORK\normal\cmpsctst-sar-b00.log = WORK\normal\cmpsctst-sar-b00.log
		WORK\normal\cmpsctst-sar.log = WORK\normal\cmpsctst-sar.log
		WORK\normal\cmpsctst-ser-a.log = WORK\normal\cmpsctst-ser-a.log
		WORK\normal\cmpsctst-ser-b00-a.log = WORK\normal\cmpsctst-ser-b00-a.log
		WORK\normal\cmpsctst-ser-b00.log = WORK\normal\cmpsctst-ser-b00.log
		WORK\normal\cmpsctst-ser.log = WORK\normal\cmpsctst-ser.log
	EndProjectSection
EndProject
Project("{2150E333-8FDC-42A3-9474-1A3956D46DE8}") = "speed", "speed", "{3906449D-D68E-4144-8BEA-233886845035}"
EndProject
Project("{2150E333-8FDC-42A3-9474-1A3956D46DE8}") = "2014-01-23", "2014-01-23", "{5AAE53E9-CC79-4996-8D08-613305A20A78}"
	ProjectSection(SolutionItems) = preProject
		WORK\speed\2014-01-23\Speed.txt = WORK\speed\2014-01-23\Speed.txt
	EndProjectSection
EndProject
Project("{2150E333-8FDC-42A3-9474-1A3956D46DE8}") = "AURORA", "AURORA", "{F8ED7459-A9AC-4846-AADD-07720FEB879A}"
	ProjectSection(SolutionItems) = preProject
		WORK\speed\2014-01-23\AURORA\speedtst le 500 a0 bb00 z00.txt = WORK\speed\2014-01-23\AURORA\speedtst le 500 a0 bb00 z00.txt
		WORK\speed\2014-01-23\AURORA\speedtst le 500 a1 bb00 z00.txt = WORK\speed\2014-01-23\AURORA\speedtst le 500 a1 bb00 z00.txt
	EndProjectSection
EndProject
Project("{2150E333-8FDC-42A3-9474-1A3956D46DE8}") = "WIN7", "WIN7", "{FEE8ED79-F8ED-437A-AC22-7B1047F0C499}"
	ProjectSection(SolutionItems) = preProject
		WORK\speed\2014-01-23\WIN7\speed le 250 a0 bb00 z00.txt = WORK\speed\2014-01-23\WIN7\speed le 250 a0 bb00 z00.txt
		WORK\speed\2014-01-23\WIN7\speed le 250 a1 bb00 z00.txt = WORK\speed\2014-01-23\WIN7\speed le 250 a1 bb00 z00.txt
	EndProjectSection
EndProject
Project("{2150E333-8FDC-42A3-9474-1A3956D46DE8}") = "2014-12-28", "2014-12-28", "{D3CA6AD5-A4BD-46C5-BFE1-77882688C0E3}"
	ProjectSection(SolutionItems) = preProject
		WORK\speed\2014-12-28\Speed.txt = WORK\speed\2014-12-28\Speed.txt
	EndProjectSection
EndProject
Project("{2150E333-8FDC-42A3-9474-1A3956D46DE8}") = "2016-07-18", "2016-07-18", "{D4967FE8-0D62-43F0-B4B7-DFCAC2EB7844}"
	ProjectSection(SolutionItems) = preProject
		WORK\speed\2016-07-18\Speed.txt = WORK\speed\2016-07-18\Speed.txt
	EndProjectSection
EndProject
Project("{2150E333-8FDC-42A3-9474-1A3956D46DE8}") = "WIN7", "WIN7", "{AB97F324-4C8C-436D-A57D-422820DF9C82}"
	ProjectSection(SolutionItems) = preProject
		WORK\speed\2014-12-28\WIN7\speed le 250 a0 bb00 z00.log = WORK\speed\2014-12-28\WIN7\speed le 250 a0 bb00 z00.log
		WORK\speed\2014-12-28\WIN7\speed le 250 a1 bb00 z00.log = WORK\speed\2014-12-28\WIN7\speed le 250 a1 bb00 z00.log
	EndProjectSection
EndProject
Project("{2150E333-8FDC-42A3-9474-1A3956D46DE8}") = "WIN7", "WIN7", "{489DCB03-96D3-4C01-AD78-45BBE826971B}"
	ProjectSection(SolutionItems) = preProject
		WORK\speed\2016-07-18\WIN7\speed le 250 a0 bb00 z00.log = WORK\speed\2016-07-18\WIN7\speed le 250 a0 bb00 z00.log
		WORK\speed\2016-07-18\WIN7\speed le 250 a1 bb00 z00.log = WORK\speed\2016-07-18\WIN7\speed le 250 a1 bb00 z00.log
	EndProjectSection
EndProject
Global
	GlobalSection(SolutionConfigurationPlatforms) = preSolution
		Debug|Win32 = Debug|Win32
		Debug|x64 = Debug|x64
		Release|Win32 = Release|Win32
		Release|x64 = Release|x64
	EndGlobalSection
	GlobalSection(ProjectConfigurationPlatforms) = postSolution
		{0C914908-2BC4-4A89-9FD7-E27B0936DECE}.Debug|Win32.ActiveCfg = Debug|Win32
		{0C914908-2BC4-4A89-9FD7-E27B0936DECE}.Debug|Win32.Build.0 = Debug|Win32
		{0C914908-2BC4-4A89-9FD7-E27B0936DECE}.Debug|x64.ActiveCfg = Debug|x64
		{0C914908-2BC4-4A89-9FD7-E27B0936DECE}.Debug|x64.Build.0 = Debug|x64
		{0C914908-2BC4-4A89-9FD7-E27B0936DECE}.Release|Win32.ActiveCfg = Release|Win32
		{0C914908-2BC4-4A89-9FD7-E27B0936DECE}.Release|Win32.Build.0 = Release|Win32
		{0C914908-2BC4-4A89-9FD7-E27B0936DECE}.Release|x64.ActiveCfg = Release|x64
		{0C914908-2BC4-4A89-9FD7-E27B0936DECE}.Release|x64.Build.0 = Release|x64
	EndGlobalSection
	GlobalSection(SolutionProperties) = preSolution
		HideSolutionNode = FALSE
	EndGlobalSection
	GlobalSection(NestedProjects) = preSolution
		{12CB6854-992C-465E-A95E-3D697D264FB0} = {902B2E95-0323-404D-9287-07D392BE9F2F}
		{B3450B1C-632D-4166-AF69-17E32C9195C7} = {902B2E95-0323-404D-9287-07D392BE9F2F}
		{5D227652-2DED-4049-B5B2-C4B77EF4A450} = {64D2910A-ECF2-4DE2-A15E-72D87497B850}
		{DC3411E6-C6F0-4BB7-8D08-D8C6A18E012A} = {86B6DA9D-CECE-4569-AAEB-8DF51FFA9722}
		{00F359F9-6090-4D6B-850F-52BD57D250D8} = {86B6DA9D-CECE-4569-AAEB-8DF51FFA9722}
		{06BCF646-6E08-4E6D-8378-E903AE100A43} = {DC3411E6-C6F0-4BB7-8D08-D8C6A18E012A}
		{1DB192B9-F9A5-4726-8BFB-98C06B4619B2} = {DC3411E6-C6F0-4BB7-8D08-D8C6A18E012A}
		{539BE54A-FA13-40BA-A113-3676A20FA1A6} = {12CB6854-992C-465E-A95E-3D697D264FB0}
		{6B64BC6A-AAAB-496A-80DC-9E53BB14DE68} = {12CB6854-992C-465E-A95E-3D697D264FB0}
		{925E1684-9271-40D6-BAFD-10EA72CB8437} = {12CB6854-992C-465E-A95E-3D697D264FB0}
		{30C04DA5-5B5D-4869-B9E4-AF1EC346AA71} = {539BE54A-FA13-40BA-A113-3676A20FA1A6}
		{A5792EFD-8DA9-4B77-A60C-AF2C9E44EE36} = {6B64BC6A-AAAB-496A-80DC-9E53BB14DE68}
		{51034DAE-5586-403C-9D66-656D94EF8B69} = {925E1684-9271-40D6-BAFD-10EA72CB8437}
		{E10918C5-BE81-4523-A504-160A3F37EA63} = {B3450B1C-632D-4166-AF69-17E32C9195C7}
		{A2FA3BDB-D44E-4DDF-8D83-57EEA12E2F19} = {B3450B1C-632D-4166-AF69-17E32C9195C7}
		{FAC45E0C-FD3D-4F25-9B0B-686A7A050F56} = {B3450B1C-632D-4166-AF69-17E32C9195C7}
		{2ACBFC65-4876-4151-87FB-28587F2CCC81} = {E10918C5-BE81-4523-A504-160A3F37EA63}
		{96998E5F-A4E7-43A0-B5D7-DBAFBC52211F} = {A2FA3BDB-D44E-4DDF-8D83-57EEA12E2F19}
		{0A0012FE-97D9-43B8-9EC1-98824DBEA1E9} = {FAC45E0C-FD3D-4F25-9B0B-686A7A050F56}
		{63BCD795-BEDE-4171-96F0-39C8CDC92AFD} = {EECE2BE0-A02F-4E10-ABF0-BED4813A4ADA}
		{3711C0F6-A104-4515-BE24-940F81FA749C} = {65DB39BA-7F05-469C-ACFD-E4CB3C139E48}
		{4CACED93-65A1-4F84-9217-AE85F6D32A9F} = {65DB39BA-7F05-469C-ACFD-E4CB3C139E48}
		{944878F4-E425-404A-A6A8-D28E867170EE} = {200DE097-E258-4000-AF87-362D8420298C}
		{FBA27B9D-6234-4B0F-87B8-980F723D1C11} = {200DE097-E258-4000-AF87-362D8420298C}
		{3906449D-D68E-4144-8BEA-233886845035} = {200DE097-E258-4000-AF87-362D8420298C}
		{EECE2BE0-A02F-4E10-ABF0-BED4813A4ADA} = {49847BB2-CEB7-4792-86BC-F274EBFF9778}
		{65DB39BA-7F05-469C-ACFD-E4CB3C139E48} = {49847BB2-CEB7-4792-86BC-F274EBFF9778}
		{200DE097-E258-4000-AF87-362D8420298C} = {49847BB2-CEB7-4792-86BC-F274EBFF9778}
		{AD362F67-62BF-44BE-985E-8F1497C586D8} = {63BCD795-BEDE-4171-96F0-39C8CDC92AFD}
		{C47CD64F-7733-4BEF-9E0A-6CFB9FE967BC} = {63BCD795-BEDE-4171-96F0-39C8CDC92AFD}
		{8CB0EB13-C12C-4D4E-ADEB-BB17DDF0F4B3} = {AD362F67-62BF-44BE-985E-8F1497C586D8}
		{58C93ED0-26C8-4D60-82BE-691A8B1BA2C8} = {C47CD64F-7733-4BEF-9E0A-6CFB9FE967BC}
		{9CF4D4D0-4DCF-4B6A-B871-EBC0A0CB5B99} = {C47CD64F-7733-4BEF-9E0A-6CFB9FE967BC}
		{6FE5BBF0-E2FA-4F11-BEF3-CD919C2D489F} = {3711C0F6-A104-4515-BE24-940F81FA749C}
		{3F1DD433-0B5F-4499-A831-B4A794D79743} = {3711C0F6-A104-4515-BE24-940F81FA749C}
		{B7FF058C-609C-4E38-86C4-CEE02174E2D5} = {4CACED93-65A1-4F84-9217-AE85F6D32A9F}
		{E5265AF4-4CF5-4575-803C-9578F7CC39CA} = {4CACED93-65A1-4F84-9217-AE85F6D32A9F}
		{7B1E6576-EEF1-4972-9E2A-445EFCB4CFBA} = {6FE5BBF0-E2FA-4F11-BEF3-CD919C2D489F}
		{DB299D65-691D-4B57-9428-A0FDDEE5E8EC} = {6FE5BBF0-E2FA-4F11-BEF3-CD919C2D489F}
		{FF294660-CA4B-4514-9478-562BD4A96E17} = {B7FF058C-609C-4E38-86C4-CEE02174E2D5}
		{C9434E54-CB6D-4A80-BE60-09ED739D694E} = {3F1DD433-0B5F-4499-A831-B4A794D79743}
		{A5D8A7C1-6082-4082-8E02-F3732A82B714} = {3F1DD433-0B5F-4499-A831-B4A794D79743}
		{BF7CFBFA-7931-485E-8C1C-AFA20CB8E074} = {3F1DD433-0B5F-4499-A831-B4A794D79743}
		{F7F75FEC-4C90-4F1F-A8B4-9A6238F60CA5} = {E5265AF4-4CF5-4575-803C-9578F7CC39CA}
		{C2D2906D-B530-4AF8-BB1B-6815C5F94EF6} = {E5265AF4-4CF5-4575-803C-9578F7CC39CA}
		{5AAE53E9-CC79-4996-8D08-613305A20A78} = {3906449D-D68E-4144-8BEA-233886845035}
		{D3CA6AD5-A4BD-46C5-BFE1-77882688C0E3} = {3906449D-D68E-4144-8BEA-233886845035}
		{D4967FE8-0D62-43F0-B4B7-DFCAC2EB7844} = {3906449D-D68E-4144-8BEA-233886845035}
		{F8ED7459-A9AC-4846-AADD-07720FEB879A} = {5AAE53E9-CC79-4996-8D08-613305A20A78}
		{FEE8ED79-F8ED-437A-AC22-7B1047F0C499} = {5AAE53E9-CC79-4996-8D08-613305A20A78}
		{AB97F324-4C8C-436D-A57D-422820DF9C82} = {D3CA6AD5-A4BD-46C5-BFE1-77882688C0E3}
		{489DCB03-96D3-4C01-AD78-45BBE826971B} = {D4967FE8-0D62-43F0-B4B7-DFCAC2EB7844}
	EndGlobalSection
EndGlobal
